
Microsoft Visual Studio Solution File, Format Version 12.00
# Visual Studio 15
VisualStudioVersion = 15.0.26124.0
MinimumVisualStudioVersion = 15.0.26124.0
Project("{FAE04EC0-301F-11D3-BF4B-00C04F79EFBC}") = "Domain", "Domain\Domain.csproj", "{646C912D-5FC2-440B-934B-B7FF585DD1C8}"
EndProject
Project("{FAE04EC0-301F-11D3-BF4B-00C04F79EFBC}") = "Application", "Application\Application.csproj", "{C915A173-5893-4309-A83D-B07A859E0D2B}"
EndProject
Project("{FAE04EC0-301F-11D3-BF4B-00C04F79EFBC}") = "Persistance", "Persistance\Persistance.csproj", "{CD630397-D2A5-46DF-A751-745F5AC093C6}"
EndProject
Project("{FAE04EC0-301F-11D3-BF4B-00C04F79EFBC}") = "API", "API\API.csproj", "{268A769F-2285-43E3-A672-07A5AC862013}"
EndProject
Project("{FAE04EC0-301F-11D3-BF4B-00C04F79EFBC}") = "Infrastructure", "Infrastructure\Infrastructure.csproj", "{5B7D3899-6927-4D29-8E3D-8D0AEA1CD6BC}"
EndProject
Global
	GlobalSection(SolutionConfigurationPlatforms) = preSolution
		Debug|Any CPU = Debug|Any CPU
		Debug|x64 = Debug|x64
		Debug|x86 = Debug|x86
		Release|Any CPU = Release|Any CPU
		Release|x64 = Release|x64
		Release|x86 = Release|x86
	EndGlobalSection
	GlobalSection(SolutionProperties) = preSolution
		HideSolutionNode = FALSE
	EndGlobalSection
	GlobalSection(ProjectConfigurationPlatforms) = postSolution
		{646C912D-5FC2-440B-934B-B7FF585DD1C8}.Debug|Any CPU.ActiveCfg = Debug|Any CPU
		{646C912D-5FC2-440B-934B-B7FF585DD1C8}.Debug|Any CPU.Build.0 = Debug|Any CPU
		{646C912D-5FC2-440B-934B-B7FF585DD1C8}.Debug|x64.ActiveCfg = Debug|Any CPU
		{646C912D-5FC2-440B-934B-B7FF585DD1C8}.Debug|x64.Build.0 = Debug|Any CPU
		{646C912D-5FC2-440B-934B-B7FF585DD1C8}.Debug|x86.ActiveCfg = Debug|Any CPU
		{646C912D-5FC2-440B-934B-B7FF585DD1C8}.Debug|x86.Build.0 = Debug|Any CPU
		{646C912D-5FC2-440B-934B-B7FF585DD1C8}.Release|Any CPU.ActiveCfg = Release|Any CPU
		{646C912D-5FC2-440B-934B-B7FF585DD1C8}.Release|Any CPU.Build.0 = Release|Any CPU
		{646C912D-5FC2-440B-934B-B7FF585DD1C8}.Release|x64.ActiveCfg = Release|Any CPU
		{646C912D-5FC2-440B-934B-B7FF585DD1C8}.Release|x64.Build.0 = Release|Any CPU
		{646C912D-5FC2-440B-934B-B7FF585DD1C8}.Release|x86.ActiveCfg = Release|Any CPU
		{646C912D-5FC2-440B-934B-B7FF585DD1C8}.Release|x86.Build.0 = Release|Any CPU
		{C915A173-5893-4309-A83D-B07A859E0D2B}.Debug|Any CPU.ActiveCfg = Debug|Any CPU
		{C915A173-5893-4309-A83D-B07A859E0D2B}.Debug|Any CPU.Build.0 = Debug|Any CPU
		{C915A173-5893-4309-A83D-B07A859E0D2B}.Debug|x64.ActiveCfg = Debug|Any CPU
		{C915A173-5893-4309-A83D-B07A859E0D2B}.Debug|x64.Build.0 = Debug|Any CPU
		{C915A173-5893-4309-A83D-B07A859E0D2B}.Debug|x86.ActiveCfg = Debug|Any CPU
		{C915A173-5893-4309-A83D-B07A859E0D2B}.Debug|x86.Build.0 = Debug|Any CPU
		{C915A173-5893-4309-A83D-B07A859E0D2B}.Release|Any CPU.ActiveCfg = Release|Any CPU
		{C915A173-5893-4309-A83D-B07A859E0D2B}.Release|Any CPU.Build.0 = Release|Any CPU
		{C915A173-5893-4309-A83D-B07A859E0D2B}.Release|x64.ActiveCfg = Release|Any CPU
		{C915A173-5893-4309-A83D-B07A859E0D2B}.Release|x64.Build.0 = Release|Any CPU
		{C915A173-5893-4309-A83D-B07A859E0D2B}.Release|x86.ActiveCfg = Release|Any CPU
		{C915A173-5893-4309-A83D-B07A859E0D2B}.Release|x86.Build.0 = Release|Any CPU
		{CD630397-D2A5-46DF-A751-745F5AC093C6}.Debug|Any CPU.ActiveCfg = Debug|Any CPU
		{CD630397-D2A5-46DF-A751-745F5AC093C6}.Debug|Any CPU.Build.0 = Debug|Any CPU
		{CD630397-D2A5-46DF-A751-745F5AC093C6}.Debug|x64.ActiveCfg = Debug|Any CPU
		{CD630397-D2A5-46DF-A751-745F5AC093C6}.Debug|x64.Build.0 = Debug|Any CPU
		{CD630397-D2A5-46DF-A751-745F5AC093C6}.Debug|x86.ActiveCfg = Debug|Any CPU
		{CD630397-D2A5-46DF-A751-745F5AC093C6}.Debug|x86.Build.0 = Debug|Any CPU
		{CD630397-D2A5-46DF-A751-745F5AC093C6}.Release|Any CPU.ActiveCfg = Release|Any CPU
		{CD630397-D2A5-46DF-A751-745F5AC093C6}.Release|Any CPU.Build.0 = Release|Any CPU
		{CD630397-D2A5-46DF-A751-745F5AC093C6}.Release|x64.ActiveCfg = Release|Any CPU
		{CD630397-D2A5-46DF-A751-745F5AC093C6}.Release|x64.Build.0 = Release|Any CPU
		{CD630397-D2A5-46DF-A751-745F5AC093C6}.Release|x86.ActiveCfg = Release|Any CPU
		{CD630397-D2A5-46DF-A751-745F5AC093C6}.Release|x86.Build.0 = Release|Any CPU
		{268A769F-2285-43E3-A672-07A5AC862013}.Debug|Any CPU.ActiveCfg = Debug|Any CPU
		{268A769F-2285-43E3-A672-07A5AC862013}.Debug|Any CPU.Build.0 = Debug|Any CPU
		{268A769F-2285-43E3-A672-07A5AC862013}.Debug|x64.ActiveCfg = Debug|Any CPU
		{268A769F-2285-43E3-A672-07A5AC862013}.Debug|x64.Build.0 = Debug|Any CPU
		{268A769F-2285-43E3-A672-07A5AC862013}.Debug|x86.ActiveCfg = Debug|Any CPU
		{268A769F-2285-43E3-A672-07A5AC862013}.Debug|x86.Build.0 = Debug|Any CPU
		{268A769F-2285-43E3-A672-07A5AC862013}.Release|Any CPU.ActiveCfg = Release|Any CPU
		{268A769F-2285-43E3-A672-07A5AC862013}.Release|Any CPU.Build.0 = Release|Any CPU
		{268A769F-2285-43E3-A672-07A5AC862013}.Release|x64.ActiveCfg = Release|Any CPU
		{268A769F-2285-43E3-A672-07A5AC862013}.Release|x64.Build.0 = Release|Any CPU
		{268A769F-2285-43E3-A672-07A5AC862013}.Release|x86.ActiveCfg = Release|Any CPU
		{268A769F-2285-43E3-A672-07A5AC862013}.Release|x86.Build.0 = Release|Any CPU
		{5B7D3899-6927-4D29-8E3D-8D0AEA1CD6BC}.Debug|Any CPU.ActiveCfg = Debug|Any CPU
		{5B7D3899-6927-4D29-8E3D-8D0AEA1CD6BC}.Debug|Any CPU.Build.0 = Debug|Any CPU
		{5B7D3899-6927-4D29-8E3D-8D0AEA1CD6BC}.Debug|x64.ActiveCfg = Debug|Any CPU
		{5B7D3899-6927-4D29-8E3D-8D0AEA1CD6BC}.Debug|x64.Build.0 = Debug|Any CPU
		{5B7D3899-6927-4D29-8E3D-8D0AEA1CD6BC}.Debug|x86.ActiveCfg = Debug|Any CPU
		{5B7D3899-6927-4D29-8E3D-8D0AEA1CD6BC}.Debug|x86.Build.0 = Debug|Any CPU
		{5B7D3899-6927-4D29-8E3D-8D0AEA1CD6BC}.Release|Any CPU.ActiveCfg = Release|Any CPU
		{5B7D3899-6927-4D29-8E3D-8D0AEA1CD6BC}.Release|Any CPU.Build.0 = Release|Any CPU
		{5B7D3899-6927-4D29-8E3D-8D0AEA1CD6BC}.Release|x64.ActiveCfg = Release|Any CPU
		{5B7D3899-6927-4D29-8E3D-8D0AEA1CD6BC}.Release|x64.Build.0 = Release|Any CPU
		{5B7D3899-6927-4D29-8E3D-8D0AEA1CD6BC}.Release|x86.ActiveCfg = Release|Any CPU
		{5B7D3899-6927-4D29-8E3D-8D0AEA1CD6BC}.Release|x86.Build.0 = Release|Any CPU
	EndGlobalSection
EndGlobal
